
Microsoft Visual Studio Solution File, Format Version 12.00
# Visual Studio 15
VisualStudioVersion = 15.0.27703.2042
MinimumVisualStudioVersion = 10.0.40219.1
Project("{FAE04EC0-301F-11D3-BF4B-00C04F79EFBC}") = "RevitMonitor", "RevitMonitor\RevitMonitor.csproj", "{5372F7B3-07B5-4B52-A6A8-B767EA7608B7}"
EndProject
Global
	GlobalSection(SolutionConfigurationPlatforms) = preSolution
		Debug|Any CPU = Debug|Any CPU
		Release|Any CPU = Release|Any CPU
	EndGlobalSection
	GlobalSection(ProjectConfigurationPlatforms) = postSolution
		{5372F7B3-07B5-4B52-A6A8-B767EA7608B7}.Debug|Any CPU.ActiveCfg = Debug|Any CPU
		{5372F7B3-07B5-4B52-A6A8-B767EA7608B7}.Debug|Any CPU.Build.0 = Debug|Any CPU
		{5372F7B3-07B5-4B52-A6A8-B767EA7608B7}.Release|Any CPU.ActiveCfg = Release|Any CPU
		{5372F7B3-07B5-4B52-A6A8-B767EA7608B7}.Release|Any CPU.Build.0 = Release|Any CPU
	EndGlobalSection
	GlobalSection(SolutionProperties) = preSolution
		HideSolutionNode = FALSE
	EndGlobalSection
	GlobalSection(ExtensibilityGlobals) = postSolution
		SolutionGuid = {E4B2EB7A-1FFB-42A5-9ED0-C23B68E3A70A}
	EndGlobalSection
EndGlobal
